{
  "nodes": {
    "agenix": {
      "inputs": {
        "darwin": [
          "nixos-modules",
          "nix-devshells"
        ],
        "home-manager": "home-manager",
        "nixpkgs": [
          "nixos-modules",
          "nix-devshells",
          "nixpkgs"
        ],
        "systems": "systems"
      },
      "locked": {
        "lastModified": 1736955230,
        "narHash": "sha256-uenf8fv2eG5bKM8C/UvFaiJMZ4IpUFaQxk9OH5t/1gA=",
        "owner": "ryantm",
        "repo": "agenix",
        "rev": "e600439ec4c273cf11e06fe4d9d906fb98fa097c",
        "type": "github"
      },
      "original": {
        "owner": "ryantm",
        "repo": "agenix",
        "type": "github"
      }
    },
    "crane": {
      "locked": {
        "lastModified": 1741481578,
        "narHash": "sha256-JBTSyJFQdO3V8cgcL08VaBUByEU6P5kXbTJN6R0PFQo=",
        "owner": "ipetkov",
        "repo": "crane",
        "rev": "bb1c9567c43e4434f54e9481eb4b8e8e0d50f0b5",
        "type": "github"
      },
      "original": {
        "owner": "ipetkov",
        "repo": "crane",
        "type": "github"
      }
    },
    "flake-compat": {
      "flake": false,
      "locked": {
        "lastModified": 1696426674,
        "narHash": "sha256-kvjfFW7WAETZlt09AgDn1MrtKzP7t90Vf7vypd3OL1U=",
        "owner": "edolstra",
        "repo": "flake-compat",
        "rev": "0f9255e01c2351cc7d116c072cb317785dd33b33",
        "type": "github"
      },
      "original": {
        "owner": "edolstra",
        "repo": "flake-compat",
        "type": "github"
      }
    },
    "flake-compat_2": {
      "flake": false,
      "locked": {
        "lastModified": 1696426674,
        "narHash": "sha256-kvjfFW7WAETZlt09AgDn1MrtKzP7t90Vf7vypd3OL1U=",
        "owner": "edolstra",
        "repo": "flake-compat",
        "rev": "0f9255e01c2351cc7d116c072cb317785dd33b33",
        "type": "github"
      },
      "original": {
        "owner": "edolstra",
        "repo": "flake-compat",
        "type": "github"
      }
    },
    "flake-compat_3": {
      "flake": false,
      "locked": {
        "lastModified": 1696426674,
        "narHash": "sha256-kvjfFW7WAETZlt09AgDn1MrtKzP7t90Vf7vypd3OL1U=",
        "owner": "edolstra",
        "repo": "flake-compat",
        "rev": "0f9255e01c2351cc7d116c072cb317785dd33b33",
        "type": "github"
      },
      "original": {
        "owner": "edolstra",
        "repo": "flake-compat",
        "type": "github"
      }
    },
    "flake-compat_4": {
      "flake": false,
      "locked": {
        "lastModified": 1733328505,
        "narHash": "sha256-NeCCThCEP3eCl2l/+27kNNK7QrwZB1IJCrXfrbv5oqU=",
        "owner": "edolstra",
        "repo": "flake-compat",
        "rev": "ff81ac966bb2cae68946d5ed5fc4994f96d0ffec",
        "type": "github"
      },
      "original": {
        "owner": "edolstra",
        "repo": "flake-compat",
        "type": "github"
      }
    },
    "flake-compat_5": {
      "locked": {
        "lastModified": 1733328505,
        "narHash": "sha256-NeCCThCEP3eCl2l/+27kNNK7QrwZB1IJCrXfrbv5oqU=",
        "owner": "edolstra",
        "repo": "flake-compat",
        "rev": "ff81ac966bb2cae68946d5ed5fc4994f96d0ffec",
        "type": "github"
      },
      "original": {
        "owner": "edolstra",
        "repo": "flake-compat",
        "type": "github"
      }
    },
    "flake-parts": {
      "inputs": {
        "nixpkgs-lib": "nixpkgs-lib"
      },
      "locked": {
        "lastModified": 1741352980,
        "narHash": "sha256-+u2UunDA4Cl5Fci3m7S643HzKmIDAe+fiXrLqYsR2fs=",
        "owner": "hercules-ci",
        "repo": "flake-parts",
        "rev": "f4330d22f1c5d2ba72d3d22df5597d123fdb60a9",
        "type": "github"
      },
      "original": {
        "id": "flake-parts",
        "type": "indirect"
      }
    },
    "flake-utils": {
      "inputs": {
        "systems": "systems_2"
      },
      "locked": {
        "lastModified": 1681202837,
        "narHash": "sha256-H+Rh19JDwRtpVPAWp64F+rlEtxUWBAQW28eAi3SRSzg=",
        "owner": "numtide",
        "repo": "flake-utils",
        "rev": "cfacdce06f30d2b68473a46042957675eebb3401",
        "type": "github"
      },
      "original": {
        "owner": "numtide",
        "repo": "flake-utils",
        "type": "github"
      }
    },
    "gitignore": {
      "inputs": {
        "nixpkgs": [
          "michael-home",
          "nix-devshells",
          "pre-commit-hooks",
          "nixpkgs"
        ]
      },
      "locked": {
        "lastModified": 1709087332,
        "narHash": "sha256-HG2cCnktfHsKV0s4XW83gU3F57gaTljL9KNSuG6bnQs=",
        "owner": "hercules-ci",
        "repo": "gitignore.nix",
        "rev": "637db329424fd7e46cf4185293b9cc8c88c95394",
        "type": "github"
      },
      "original": {
        "owner": "hercules-ci",
        "repo": "gitignore.nix",
        "type": "github"
      }
    },
    "gitignore_2": {
      "inputs": {
        "nixpkgs": [
          "nix-devshells",
          "pre-commit-hooks",
          "nixpkgs"
        ]
      },
      "locked": {
        "lastModified": 1709087332,
        "narHash": "sha256-HG2cCnktfHsKV0s4XW83gU3F57gaTljL9KNSuG6bnQs=",
        "owner": "hercules-ci",
        "repo": "gitignore.nix",
        "rev": "637db329424fd7e46cf4185293b9cc8c88c95394",
        "type": "github"
      },
      "original": {
        "owner": "hercules-ci",
        "repo": "gitignore.nix",
        "type": "github"
      }
    },
    "gitignore_3": {
      "inputs": {
        "nixpkgs": [
          "nixos-modules",
          "nix-devshells",
          "pre-commit-hooks",
          "nixpkgs"
        ]
      },
      "locked": {
        "lastModified": 1709087332,
        "narHash": "sha256-HG2cCnktfHsKV0s4XW83gU3F57gaTljL9KNSuG6bnQs=",
        "owner": "hercules-ci",
        "repo": "gitignore.nix",
        "rev": "637db329424fd7e46cf4185293b9cc8c88c95394",
        "type": "github"
      },
      "original": {
        "owner": "hercules-ci",
        "repo": "gitignore.nix",
        "type": "github"
      }
    },
    "hjem": {
      "inputs": {
        "nixpkgs": [
          "michael-home",
          "nixpkgs"
        ]
      },
      "locked": {
        "lastModified": 1742070442,
        "narHash": "sha256-xPDSLswRazXLlceqc2+VdbKKG2m/OXCjTzU9O/Bs4ZQ=",
        "owner": "feel-co",
        "repo": "hjem",
        "rev": "ae49a5a2e013c710d2b2cf046ae365d08eae75b3",
        "type": "github"
      },
      "original": {
        "owner": "feel-co",
        "repo": "hjem",
        "type": "github"
      }
    },
    "home-manager": {
      "inputs": {
        "nixpkgs": [
          "nixos-modules",
          "nix-devshells",
          "agenix",
          "nixpkgs"
        ]
      },
      "locked": {
        "lastModified": 1703113217,
        "narHash": "sha256-7ulcXOk63TIT2lVDSExj7XzFx09LpdSAPtvgtM7yQPE=",
        "owner": "nix-community",
        "repo": "home-manager",
        "rev": "3bfaacf46133c037bb356193bd2f1765d9dc82c1",
        "type": "github"
      },
      "original": {
        "owner": "nix-community",
        "repo": "home-manager",
        "type": "github"
      }
    },
    "michael-home": {
      "inputs": {
        "hjem": "hjem",
        "home-manager": [],
        "nix-devshells": "nix-devshells",
        "nixpkgs": [
          "nixpkgs"
        ]
      },
      "locked": {
        "lastModified": 1742929316,
        "narHash": "sha256-VMVQVKNpyFq2syDYb6ojlb+be+byc02QJ33vNBChJaQ=",
        "owner": "Michael-C-Buckley",
        "repo": "home-config",
        "rev": "40d4f7d68041a8f570c88be2e53758e153eaddfb",
        "type": "github"
      },
      "original": {
        "owner": "Michael-C-Buckley",
        "repo": "home-config",
        "type": "github"
      }
    },
    "nix-devshells": {
      "inputs": {
        "nixpkgs": [
          "michael-home",
          "nixpkgs"
        ],
        "pre-commit-hooks": "pre-commit-hooks"
      },
      "locked": {
        "lastModified": 1741780520,
        "narHash": "sha256-D9zyy7SBM+Ui5fZdfTP2EJT9PR0X4UhdHDS4YRouo20=",
        "owner": "Michael-C-Buckley",
        "repo": "nix-devshells",
        "rev": "ef85191e514e4226d246572a400c184835d0599d",
        "type": "github"
      },
      "original": {
        "owner": "Michael-C-Buckley",
        "repo": "nix-devshells",
        "type": "github"
      }
    },
    "nix-devshells_2": {
      "inputs": {
        "nixpkgs": "nixpkgs",
        "pre-commit-hooks": "pre-commit-hooks_2"
      },
      "locked": {
        "lastModified": 1741780520,
        "narHash": "sha256-D9zyy7SBM+Ui5fZdfTP2EJT9PR0X4UhdHDS4YRouo20=",
        "owner": "Michael-C-Buckley",
        "repo": "nix-devshells",
        "rev": "ef85191e514e4226d246572a400c184835d0599d",
        "type": "github"
      },
      "original": {
        "owner": "Michael-C-Buckley",
        "repo": "nix-devshells",
        "type": "github"
      }
    },
    "nix-devshells_3": {
      "inputs": {
        "agenix": "agenix",
        "nixpkgs": [
          "nixos-modules",
          "nixpkgs"
        ],
        "pre-commit-hooks": "pre-commit-hooks_3"
      },
      "locked": {
        "lastModified": 1740051318,
        "narHash": "sha256-37k4eaZeYr3gitzq41fPhHOtAHYkSvgV5dFEsKsizCM=",
        "owner": "Michael-C-Buckley",
        "repo": "nix-devshells",
        "rev": "198bbb50ec3ba67358de36a142ceab1f2bf37157",
        "type": "github"
      },
      "original": {
        "owner": "Michael-C-Buckley",
        "repo": "nix-devshells",
        "type": "github"
      }
    },
    "nixos-modules": {
      "inputs": {
        "nix-devshells": "nix-devshells_3",
        "nixpkgs": "nixpkgs_2"
      },
      "locked": {
        "lastModified": 1742349631,
        "narHash": "sha256-5OfaKuKWazP7I50LHW+0oIx2EjWOf8KUyjZmD6mQVhw=",
        "owner": "Michael-C-Buckley",
        "repo": "nixos-modules",
        "rev": "8db6c15f6fb2b0b9f7f3ce3805068195e518f2b4",
        "type": "github"
      },
      "original": {
        "owner": "Michael-C-Buckley",
        "repo": "nixos-modules",
        "type": "github"
      }
    },
    "nixos-wsl": {
      "inputs": {
        "flake-compat": "flake-compat_4",
        "nixpkgs": "nixpkgs_3"
      },
      "locked": {
        "lastModified": 1742481215,
        "narHash": "sha256-m7I/2UaGEFOI+Cy0RoADBi10NZt1WD5N3q2jUwPprE4=",
        "owner": "nix-community",
        "repo": "NixOS-WSL",
        "rev": "96d7df91cce0d7cd30d1958fe1aefcb5f9bfced7",
        "type": "github"
      },
      "original": {
        "owner": "nix-community",
        "ref": "main",
        "repo": "NixOS-WSL",
        "type": "github"
      }
    },
    "nixpkgs": {
      "locked": {
        "lastModified": 1741708242,
        "narHash": "sha256-cNRqdQD4sZpN7JLqxVOze4+WsWTmv2DGH0wNCOVwrWc=",
        "owner": "nixos",
        "repo": "nixpkgs",
        "rev": "b62d2a95c72fb068aecd374a7262b37ed92df82b",
        "type": "github"
      },
      "original": {
        "owner": "nixos",
        "ref": "nixpkgs-unstable",
        "repo": "nixpkgs",
        "type": "github"
      }
    },
    "nixpkgs-lib": {
      "locked": {
        "lastModified": 1740877520,
        "narHash": "sha256-oiwv/ZK/2FhGxrCkQkB83i7GnWXPPLzoqFHpDD3uYpk=",
        "owner": "nix-community",
        "repo": "nixpkgs.lib",
        "rev": "147dee35aab2193b174e4c0868bd80ead5ce755c",
        "type": "github"
      },
      "original": {
        "owner": "nix-community",
        "repo": "nixpkgs.lib",
        "type": "github"
      }
    },
    "nixpkgs_2": {
      "locked": {
        "lastModified": 1741246872,
        "narHash": "sha256-Q6pMP4a9ed636qilcYX8XUguvKl/0/LGXhHcRI91p0U=",
        "owner": "nixos",
        "repo": "nixpkgs",
        "rev": "10069ef4cf863633f57238f179a0297de84bd8d3",
        "type": "github"
      },
      "original": {
        "owner": "nixos",
        "ref": "nixos-unstable",
        "repo": "nixpkgs",
        "type": "github"
      }
    },
    "nixpkgs_3": {
      "locked": {
        "lastModified": 1740865531,
        "narHash": "sha256-h00vGIh/jxcGl8aWdfnVRD74KuLpyY3mZgMFMy7iKIc=",
        "owner": "NixOS",
        "repo": "nixpkgs",
        "rev": "5ef6c425980847c78a80d759abc476e941a9bf42",
        "type": "github"
      },
      "original": {
        "owner": "NixOS",
        "ref": "nixos-24.11",
        "repo": "nixpkgs",
        "type": "github"
      }
    },
    "nixpkgs_4": {
      "locked": {
        "lastModified": 1742669843,
        "narHash": "sha256-G5n+FOXLXcRx+3hCJ6Rt6ZQyF1zqQ0DL0sWAMn2Nk0w=",
        "owner": "nixos",
        "repo": "nixpkgs",
        "rev": "1e5b653dff12029333a6546c11e108ede13052eb",
        "type": "github"
      },
      "original": {
        "owner": "nixos",
        "ref": "nixos-unstable",
        "repo": "nixpkgs",
        "type": "github"
      }
    },
    "nixpkgs_5": {
      "locked": {
        "lastModified": 1682134069,
        "narHash": "sha256-TnI/ZXSmRxQDt2sjRYK/8j8iha4B4zP2cnQCZZ3vp7k=",
        "owner": "NixOS",
        "repo": "nixpkgs",
        "rev": "fd901ef4bf93499374c5af385b2943f5801c0833",
        "type": "github"
      },
      "original": {
        "id": "nixpkgs",
        "type": "indirect"
      }
    },
    "nixpkgs_6": {
      "locked": {
        "lastModified": 1741851582,
        "narHash": "sha256-cPfs8qMccim2RBgtKGF+x9IBCduRvd/N5F4nYpU0TVE=",
        "owner": "NixOS",
        "repo": "nixpkgs",
        "rev": "6607cf789e541e7873d40d3a8f7815ea92204f32",
        "type": "github"
      },
      "original": {
        "owner": "NixOS",
        "ref": "nixos-unstable",
        "repo": "nixpkgs",
        "type": "github"
      }
    },
    "nixpkgs_7": {
      "locked": {
        "lastModified": 1741379970,
        "narHash": "sha256-Wh7esNh7G24qYleLvgOSY/7HlDUzWaL/n4qzlBePpiw=",
        "owner": "NixOS",
        "repo": "nixpkgs",
        "rev": "36fd87baa9083f34f7f5027900b62ee6d09b1f2f",
        "type": "github"
      },
      "original": {
        "owner": "NixOS",
        "ref": "nixos-unstable",
        "repo": "nixpkgs",
        "type": "github"
      }
    },
    "pre-commit-hooks": {
      "inputs": {
        "flake-compat": "flake-compat",
        "gitignore": "gitignore",
        "nixpkgs": [
          "michael-home",
          "nix-devshells",
          "nixpkgs"
        ]
      },
      "locked": {
        "lastModified": 1741379162,
        "narHash": "sha256-srpAbmJapkaqGRE3ytf3bj4XshspVR5964OX5LfjDWc=",
        "owner": "cachix",
        "repo": "git-hooks.nix",
        "rev": "b5a62751225b2f62ff3147d0a334055ebadcd5cc",
        "type": "github"
      },
      "original": {
        "owner": "cachix",
        "repo": "git-hooks.nix",
        "type": "github"
      }
    },
    "pre-commit-hooks_2": {
      "inputs": {
        "flake-compat": "flake-compat_2",
        "gitignore": "gitignore_2",
        "nixpkgs": [
          "nix-devshells",
          "nixpkgs"
        ]
      },
      "locked": {
        "lastModified": 1741379162,
        "narHash": "sha256-srpAbmJapkaqGRE3ytf3bj4XshspVR5964OX5LfjDWc=",
        "owner": "cachix",
        "repo": "git-hooks.nix",
        "rev": "b5a62751225b2f62ff3147d0a334055ebadcd5cc",
        "type": "github"
      },
      "original": {
        "owner": "cachix",
        "repo": "git-hooks.nix",
        "type": "github"
      }
    },
    "pre-commit-hooks_3": {
      "inputs": {
        "flake-compat": "flake-compat_3",
        "gitignore": "gitignore_3",
        "nixpkgs": [
          "nixos-modules",
          "nix-devshells",
          "nixpkgs"
        ]
      },
      "locked": {
        "lastModified": 1737465171,
        "narHash": "sha256-R10v2hoJRLq8jcL4syVFag7nIGE7m13qO48wRIukWNg=",
        "owner": "cachix",
        "repo": "git-hooks.nix",
        "rev": "9364dc02281ce2d37a1f55b6e51f7c0f65a75f17",
        "type": "github"
      },
      "original": {
        "owner": "cachix",
        "repo": "git-hooks.nix",
        "type": "github"
      }
    },
    "root": {
      "inputs": {
        "hjem": [
          "michael-home",
          "hjem"
        ],
        "michael-home": "michael-home",
        "nix-devshells": "nix-devshells_2",
        "nixos-modules": "nixos-modules",
        "nixos-wsl": "nixos-wsl",
        "nixpkgs": "nixpkgs_4",
        "vscode-server": "vscode-server",
        "wfetch": "wfetch",
        "zed": "zed"
      }
    },
    "rust-overlay": {
      "inputs": {
        "nixpkgs": [
          "zed",
          "nixpkgs"
        ]
      },
      "locked": {
        "lastModified": 1741573199,
        "narHash": "sha256-A2sln1GdCf+uZ8yrERSCZUCqZ3JUlOv1WE2VFqqfaLQ=",
        "owner": "oxalica",
        "repo": "rust-overlay",
        "rev": "c777dc8a1e35407b0e80ec89817fe69970f4e81a",
        "type": "github"
      },
      "original": {
        "owner": "oxalica",
        "repo": "rust-overlay",
        "type": "github"
      }
    },
    "systems": {
      "locked": {
        "lastModified": 1681028828,
        "narHash": "sha256-Vy1rq5AaRuLzOxct8nz4T6wlgyUR7zLU309k9mBC768=",
        "owner": "nix-systems",
        "repo": "default",
        "rev": "da67096a3b9bf56a91d16901293e51ba5b49a27e",
        "type": "github"
      },
      "original": {
        "owner": "nix-systems",
        "repo": "default",
        "type": "github"
      }
    },
    "systems_2": {
      "locked": {
        "lastModified": 1681028828,
        "narHash": "sha256-Vy1rq5AaRuLzOxct8nz4T6wlgyUR7zLU309k9mBC768=",
        "owner": "nix-systems",
        "repo": "default",
        "rev": "da67096a3b9bf56a91d16901293e51ba5b49a27e",
        "type": "github"
      },
      "original": {
        "owner": "nix-systems",
        "repo": "default",
        "type": "github"
      }
    },
    "systems_3": {
      "locked": {
        "lastModified": 1681028828,
        "narHash": "sha256-Vy1rq5AaRuLzOxct8nz4T6wlgyUR7zLU309k9mBC768=",
        "owner": "nix-systems",
        "repo": "default",
        "rev": "da67096a3b9bf56a91d16901293e51ba5b49a27e",
        "type": "github"
      },
      "original": {
        "owner": "nix-systems",
        "repo": "default",
        "type": "github"
      }
    },
    "vscode-server": {
      "inputs": {
        "flake-utils": "flake-utils",
        "nixpkgs": "nixpkgs_5"
      },
      "locked": {
        "lastModified": 1729422940,
        "narHash": "sha256-DlvJv33ml5UTKgu4b0HauOfFIoDx6QXtbqUF3vWeRCY=",
        "owner": "nix-community",
        "repo": "nixos-vscode-server",
        "rev": "8b6db451de46ecf9b4ab3d01ef76e59957ff549f",
        "type": "github"
      },
      "original": {
        "owner": "nix-community",
        "repo": "nixos-vscode-server",
        "type": "github"
      }
    },
    "wfetch": {
      "inputs": {
        "flake-parts": "flake-parts",
        "nixpkgs": "nixpkgs_6",
        "systems": "systems_3"
      },
      "locked": {
        "lastModified": 1742813884,
        "narHash": "sha256-l0b7Byv+NkWlwlI5t5oILRx6LOT1eHEjlFLli+nspHA=",
        "owner": "iynaix",
        "repo": "wfetch",
        "rev": "c9cd5166f3e1a237faede7ea31c386833fbb9871",
        "type": "github"
      },
      "original": {
        "owner": "iynaix",
        "repo": "wfetch",
        "type": "github"
      }
    },
    "zed": {
      "inputs": {
        "crane": "crane",
        "flake-compat": "flake-compat_5",
        "nixpkgs": "nixpkgs_7",
        "rust-overlay": "rust-overlay"
      },
      "locked": {
        "lastModified": 1742927835,
        "narHash": "sha256-kB8aAYWPLVYw8I24/8BgfPpDuuN1Fxgev6ugJ9cED3Q=",
        "owner": "zed-industries",
        "repo": "zed",
        "rev": "581d67398aa1e8a1e562fd8c02a853d85e901867",
        "type": "github"
      },
      "original": {
        "owner": "zed-industries",
        "repo": "zed",
        "type": "github"
      }
    }
  },
  "root": "root",
  "version": 7
}
